// !$*UTF8*$!
{
	archiveVersion = 1;
	classes = {
	};
	objectVersion = 56;
	objects = {

/* Begin PBXBuildFile section */
		E30C87B029602854009A18E6 /* myPlainTextView.swift in Sources */ = {isa = PBXBuildFile; fileRef = E30C87AF29602854009A18E6 /* myPlainTextView.swift */; };
		E30C87B429602DB8009A18E6 /* myColor.swift in Sources */ = {isa = PBXBuildFile; fileRef = E30C87B329602DB8009A18E6 /* myColor.swift */; };
		E30C87B729604860009A18E6 /* myCurrencyTextView.swift in Sources */ = {isa = PBXBuildFile; fileRef = E30C87B629604860009A18E6 /* myCurrencyTextView.swift */; };
		E30C87BA296057A7009A18E6 /* Effects.swift in Sources */ = {isa = PBXBuildFile; fileRef = E30C87B9296057A7009A18E6 /* Effects.swift */; };
		E30C87BC29605E27009A18E6 /* myButton.swift in Sources */ = {isa = PBXBuildFile; fileRef = E30C87BB29605E27009A18E6 /* myButton.swift */; };
		E33A444F2963613200AE7C5E /* PageController.swift in Sources */ = {isa = PBXBuildFile; fileRef = E33A444E2963613200AE7C5E /* PageController.swift */; };
		E33A445129636A1600AE7C5E /* myMiniIcon.swift in Sources */ = {isa = PBXBuildFile; fileRef = E33A445029636A1600AE7C5E /* myMiniIcon.swift */; };
		E33A445529636A5600AE7C5E /* me.jpeg in Resources */ = {isa = PBXBuildFile; fileRef = E33A445429636A5600AE7C5E /* me.jpeg */; };
		E392758C2969E3FC00D82178 /* kalbimm.swift in Sources */ = {isa = PBXBuildFile; fileRef = E392758B2969E3FC00D82178 /* kalbimm.swift */; };
		E396C657295C61BD007333CB /* Lets_TradeApp.swift in Sources */ = {isa = PBXBuildFile; fileRef = E396C656295C61BD007333CB /* Lets_TradeApp.swift */; };
		E396C659295C61BD007333CB /* PageControllerView.swift in Sources */ = {isa = PBXBuildFile; fileRef = E396C658295C61BD007333CB /* PageControllerView.swift */; };
		E396C65B295C61BD007333CB /* Assets.xcassets in Resources */ = {isa = PBXBuildFile; fileRef = E396C65A295C61BD007333CB /* Assets.xcassets */; };
		E396C65E295C61BD007333CB /* Preview Assets.xcassets in Resources */ = {isa = PBXBuildFile; fileRef = E396C65D295C61BD007333CB /* Preview Assets.xcassets */; };
		E39F09292966DCB800B0AF91 /* profileView.swift in Sources */ = {isa = PBXBuildFile; fileRef = E39F09282966DCB800B0AF91 /* profileView.swift */; };
		E39F092B2966E5BB00B0AF91 /* postModel.swift in Sources */ = {isa = PBXBuildFile; fileRef = E39F092A2966E5BB00B0AF91 /* postModel.swift */; };
		E39F092D2966E6E400B0AF91 /* myPostView.swift in Sources */ = {isa = PBXBuildFile; fileRef = E39F092C2966E6E400B0AF91 /* myPostView.swift */; };
		E39F093129676C6F00B0AF91 /* myFriendsListIcon.swift in Sources */ = {isa = PBXBuildFile; fileRef = E39F093029676C6F00B0AF91 /* myFriendsListIcon.swift */; };
		E39F09332967711E00B0AF91 /* roomListView.swift in Sources */ = {isa = PBXBuildFile; fileRef = E39F09322967711E00B0AF91 /* roomListView.swift */; };
		E39F093529677AF100B0AF91 /* friendListView.swift in Sources */ = {isa = PBXBuildFile; fileRef = E39F093429677AF100B0AF91 /* friendListView.swift */; };
		E39F093729677B2600B0AF91 /* myFriendItem.swift in Sources */ = {isa = PBXBuildFile; fileRef = E39F093629677B2600B0AF91 /* myFriendItem.swift */; };
		E39F0939296781D400B0AF91 /* messagingView.swift in Sources */ = {isa = PBXBuildFile; fileRef = E39F0938296781D400B0AF91 /* messagingView.swift */; };
		E39F093B2967880300B0AF91 /* myMessageItem.swift in Sources */ = {isa = PBXBuildFile; fileRef = E39F093A2967880300B0AF91 /* myMessageItem.swift */; };
		E3A54A05296169C6002F4EDF /* loginPage.swift in Sources */ = {isa = PBXBuildFile; fileRef = E3A54A04296169C6002F4EDF /* loginPage.swift */; };
		E3A54A0729616F90002F4EDF /* mySecureFieldView.swift in Sources */ = {isa = PBXBuildFile; fileRef = E3A54A0629616F90002F4EDF /* mySecureFieldView.swift */; };
		E3A54A0929617368002F4EDF /* registerPage.swift in Sources */ = {isa = PBXBuildFile; fileRef = E3A54A0829617368002F4EDF /* registerPage.swift */; };
/* End PBXBuildFile section */

/* Begin PBXFileReference section */
		E30C87AF29602854009A18E6 /* myPlainTextView.swift */ = {isa = PBXFileReference; lastKnownFileType = sourcecode.swift; path = myPlainTextView.swift; sourceTree = "<group>"; };
		E30C87B329602DB8009A18E6 /* myColor.swift */ = {isa = PBXFileReference; lastKnownFileType = sourcecode.swift; path = myColor.swift; sourceTree = "<group>"; };
		E30C87B629604860009A18E6 /* myCurrencyTextView.swift */ = {isa = PBXFileReference; lastKnownFileType = sourcecode.swift; path = myCurrencyTextView.swift; sourceTree = "<group>"; };
		E30C87B9296057A7009A18E6 /* Effects.swift */ = {isa = PBXFileReference; lastKnownFileType = sourcecode.swift; path = Effects.swift; sourceTree = "<group>"; };
		E30C87BB29605E27009A18E6 /* myButton.swift */ = {isa = PBXFileReference; lastKnownFileType = sourcecode.swift; path = myButton.swift; sourceTree = "<group>"; };
		E33A444E2963613200AE7C5E /* PageController.swift */ = {isa = PBXFileReference; lastKnownFileType = sourcecode.swift; path = PageController.swift; sourceTree = "<group>"; };
		E33A445029636A1600AE7C5E /* myMiniIcon.swift */ = {isa = PBXFileReference; lastKnownFileType = sourcecode.swift; path = myMiniIcon.swift; sourceTree = "<group>"; };
		E33A445429636A5600AE7C5E /* me.jpeg */ = {isa = PBXFileReference; lastKnownFileType = image.jpeg; path = me.jpeg; sourceTree = "<group>"; };
		E392758B2969E3FC00D82178 /* kalbimm.swift */ = {isa = PBXFileReference; lastKnownFileType = sourcecode.swift; path = kalbimm.swift; sourceTree = "<group>"; };
		E396C653295C61BD007333CB /* Lets Trade.app */ = {isa = PBXFileReference; explicitFileType = wrapper.application; includeInIndex = 0; path = "Lets Trade.app"; sourceTree = BUILT_PRODUCTS_DIR; };
		E396C656295C61BD007333CB /* Lets_TradeApp.swift */ = {isa = PBXFileReference; lastKnownFileType = sourcecode.swift; path = Lets_TradeApp.swift; sourceTree = "<group>"; };
		E396C658295C61BD007333CB /* PageControllerView.swift */ = {isa = PBXFileReference; lastKnownFileType = sourcecode.swift; path = PageControllerView.swift; sourceTree = "<group>"; };
		E396C65A295C61BD007333CB /* Assets.xcassets */ = {isa = PBXFileReference; lastKnownFileType = folder.assetcatalog; path = Assets.xcassets; sourceTree = "<group>"; };
		E396C65D295C61BD007333CB /* Preview Assets.xcassets */ = {isa = PBXFileReference; lastKnownFileType = folder.assetcatalog; path = "Preview Assets.xcassets"; sourceTree = "<group>"; };
		E39F09282966DCB800B0AF91 /* profileView.swift */ = {isa = PBXFileReference; lastKnownFileType = sourcecode.swift; path = profileView.swift; sourceTree = "<group>"; };
		E39F092A2966E5BB00B0AF91 /* postModel.swift */ = {isa = PBXFileReference; lastKnownFileType = sourcecode.swift; path = postModel.swift; sourceTree = "<group>"; };
		E39F092C2966E6E400B0AF91 /* myPostView.swift */ = {isa = PBXFileReference; lastKnownFileType = sourcecode.swift; path = myPostView.swift; sourceTree = "<group>"; };
		E39F093029676C6F00B0AF91 /* myFriendsListIcon.swift */ = {isa = PBXFileReference; lastKnownFileType = sourcecode.swift; path = myFriendsListIcon.swift; sourceTree = "<group>"; };
		E39F09322967711E00B0AF91 /* roomListView.swift */ = {isa = PBXFileReference; lastKnownFileType = sourcecode.swift; path = roomListView.swift; sourceTree = "<group>"; };
		E39F093429677AF100B0AF91 /* friendListView.swift */ = {isa = PBXFileReference; lastKnownFileType = sourcecode.swift; path = friendListView.swift; sourceTree = "<group>"; };
		E39F093629677B2600B0AF91 /* myFriendItem.swift */ = {isa = PBXFileReference; lastKnownFileType = sourcecode.swift; path = myFriendItem.swift; sourceTree = "<group>"; };
		E39F0938296781D400B0AF91 /* messagingView.swift */ = {isa = PBXFileReference; lastKnownFileType = sourcecode.swift; path = messagingView.swift; sourceTree = "<group>"; };
		E39F093A2967880300B0AF91 /* myMessageItem.swift */ = {isa = PBXFileReference; lastKnownFileType = sourcecode.swift; path = myMessageItem.swift; sourceTree = "<group>"; };
		E3A54A04296169C6002F4EDF /* loginPage.swift */ = {isa = PBXFileReference; lastKnownFileType = sourcecode.swift; path = loginPage.swift; sourceTree = "<group>"; };
		E3A54A0629616F90002F4EDF /* mySecureFieldView.swift */ = {isa = PBXFileReference; lastKnownFileType = sourcecode.swift; path = mySecureFieldView.swift; sourceTree = "<group>"; };
		E3A54A0829617368002F4EDF /* registerPage.swift */ = {isa = PBXFileReference; lastKnownFileType = sourcecode.swift; path = registerPage.swift; sourceTree = "<group>"; };
/* End PBXFileReference section */

/* Begin PBXFrameworksBuildPhase section */
		E396C650295C61BD007333CB /* Frameworks */ = {
			isa = PBXFrameworksBuildPhase;
			buildActionMask = 2147483647;
			files = (
			);
			runOnlyForDeploymentPostprocessing = 0;
		};
/* End PBXFrameworksBuildPhase section */

/* Begin PBXGroup section */
		E30C87AE2960283C009A18E6 /* Atoms */ = {
			isa = PBXGroup;
			children = (
				E30C87AF29602854009A18E6 /* myPlainTextView.swift */,
				E3A54A0629616F90002F4EDF /* mySecureFieldView.swift */,
				E30C87B629604860009A18E6 /* myCurrencyTextView.swift */,
				E30C87BB29605E27009A18E6 /* myButton.swift */,
				E33A445029636A1600AE7C5E /* myMiniIcon.swift */,
				E39F092C2966E6E400B0AF91 /* myPostView.swift */,
				E39F093029676C6F00B0AF91 /* myFriendsListIcon.swift */,
				E39F093629677B2600B0AF91 /* myFriendItem.swift */,
				E39F093A2967880300B0AF91 /* myMessageItem.swift */,
			);
			path = Atoms;
			sourceTree = "<group>";
		};
		E30C87B12960294C009A18E6 /* View */ = {
			isa = PBXGroup;
			children = (
				E30C87B829605789009A18E6 /* Effects */,
				E30C87AE2960283C009A18E6 /* Atoms */,
				E3A54A04296169C6002F4EDF /* loginPage.swift */,
				E3A54A0829617368002F4EDF /* registerPage.swift */,
				E39F09282966DCB800B0AF91 /* profileView.swift */,
				E39F09322967711E00B0AF91 /* roomListView.swift */,
				E39F093429677AF100B0AF91 /* friendListView.swift */,
				E39F0938296781D400B0AF91 /* messagingView.swift */,
				E392758B2969E3FC00D82178 /* kalbimm.swift */,
			);
			path = View;
			sourceTree = "<group>";
		};
		E30C87B229602959009A18E6 /* Resources */ = {
			isa = PBXGroup;
			children = (
				E33A445329636A4700AE7C5E /* Images */,
				E33A445229636A3700AE7C5E /* Color */,
			);
			path = Resources;
			sourceTree = "<group>";
		};
		E30C87B829605789009A18E6 /* Effects */ = {
			isa = PBXGroup;
			children = (
				E30C87B9296057A7009A18E6 /* Effects.swift */,
			);
			path = Effects;
			sourceTree = "<group>";
		};
		E33A444D2963612600AE7C5E /* Controllers */ = {
			isa = PBXGroup;
			children = (
				E33A444E2963613200AE7C5E /* PageController.swift */,
			);
			path = Controllers;
			sourceTree = "<group>";
		};
		E33A445229636A3700AE7C5E /* Color */ = {
			isa = PBXGroup;
			children = (
				E30C87B329602DB8009A18E6 /* myColor.swift */,
			);
			path = Color;
			sourceTree = "<group>";
		};
		E33A445329636A4700AE7C5E /* Images */ = {
			isa = PBXGroup;
			children = (
				E33A445429636A5600AE7C5E /* me.jpeg */,
			);
			path = Images;
			sourceTree = "<group>";
		};
		E396C64A295C61BD007333CB = {
			isa = PBXGroup;
			children = (
				E396C655295C61BD007333CB /* Lets Trade */,
				E396C654295C61BD007333CB /* Products */,
			);
			sourceTree = "<group>";
		};
		E396C654295C61BD007333CB /* Products */ = {
			isa = PBXGroup;
			children = (
				E396C653295C61BD007333CB /* Lets Trade.app */,
			);
			name = Products;
			sourceTree = "<group>";
		};
		E396C655295C61BD007333CB /* Lets Trade */ = {
			isa = PBXGroup;
			children = (
				E39F09272966D9EA00B0AF91 /* Models */,
				E33A444D2963612600AE7C5E /* Controllers */,
				E30C87B12960294C009A18E6 /* View */,
				E396C656295C61BD007333CB /* Lets_TradeApp.swift */,
				E396C658295C61BD007333CB /* PageControllerView.swift */,
				E396C65A295C61BD007333CB /* Assets.xcassets */,
				E30C87B229602959009A18E6 /* Resources */,
				E396C65C295C61BD007333CB /* Preview Content */,
			);
			path = "Lets Trade";
			sourceTree = "<group>";
		};
		E396C65C295C61BD007333CB /* Preview Content */ = {
			isa = PBXGroup;
			children = (
				E396C65D295C61BD007333CB /* Preview Assets.xcassets */,
			);
			path = "Preview Content";
			sourceTree = "<group>";
		};
		E39F09272966D9EA00B0AF91 /* Models */ = {
			isa = PBXGroup;
			children = (
				E39F092A2966E5BB00B0AF91 /* postModel.swift */,
			);
			path = Models;
			sourceTree = "<group>";
		};
/* End PBXGroup section */

/* Begin PBXNativeTarget section */
		E396C652295C61BD007333CB /* Lets Trade */ = {
			isa = PBXNativeTarget;
			buildConfigurationList = E396C661295C61BD007333CB /* Build configuration list for PBXNativeTarget "Lets Trade" */;
			buildPhases = (
				E396C64F295C61BD007333CB /* Sources */,
				E396C650295C61BD007333CB /* Frameworks */,
				E396C651295C61BD007333CB /* Resources */,
			);
			buildRules = (
			);
			dependencies = (
			);
			name = "Lets Trade";
			productName = "Lets Trade";
			productReference = E396C653295C61BD007333CB /* Lets Trade.app */;
			productType = "com.apple.product-type.application";
		};
/* End PBXNativeTarget section */

/* Begin PBXProject section */
		E396C64B295C61BD007333CB /* Project object */ = {
			isa = PBXProject;
			attributes = {
				BuildIndependentTargetsInParallel = 1;
				LastSwiftUpdateCheck = 1410;
				LastUpgradeCheck = 1410;
				TargetAttributes = {
					E396C652295C61BD007333CB = {
						CreatedOnToolsVersion = 14.1;
					};
				};
			};
			buildConfigurationList = E396C64E295C61BD007333CB /* Build configuration list for PBXProject "Lets Trade" */;
			compatibilityVersion = "Xcode 14.0";
			developmentRegion = en;
			hasScannedForEncodings = 0;
			knownRegions = (
				en,
				Base,
			);
			mainGroup = E396C64A295C61BD007333CB;
			productRefGroup = E396C654295C61BD007333CB /* Products */;
			projectDirPath = "";
			projectRoot = "";
			targets = (
				E396C652295C61BD007333CB /* Lets Trade */,
			);
		};
/* End PBXProject section */

/* Begin PBXResourcesBuildPhase section */
		E396C651295C61BD007333CB /* Resources */ = {
			isa = PBXResourcesBuildPhase;
			buildActionMask = 2147483647;
			files = (
				E33A445529636A5600AE7C5E /* me.jpeg in Resources */,
				E396C65E295C61BD007333CB /* Preview Assets.xcassets in Resources */,
				E396C65B295C61BD007333CB /* Assets.xcassets in Resources */,
			);
			runOnlyForDeploymentPostprocessing = 0;
		};
/* End PBXResourcesBuildPhase section */

/* Begin PBXSourcesBuildPhase section */
		E396C64F295C61BD007333CB /* Sources */ = {
			isa = PBXSourcesBuildPhase;
			buildActionMask = 2147483647;
			files = (
				E3A54A05296169C6002F4EDF /* loginPage.swift in Sources */,
				E396C659295C61BD007333CB /* PageControllerView.swift in Sources */,
				E30C87B429602DB8009A18E6 /* myColor.swift in Sources */,
				E30C87BC29605E27009A18E6 /* myButton.swift in Sources */,
				E30C87B729604860009A18E6 /* myCurrencyTextView.swift in Sources */,
				E3A54A0929617368002F4EDF /* registerPage.swift in Sources */,
				E3A54A0729616F90002F4EDF /* mySecureFieldView.swift in Sources */,
				E39F0939296781D400B0AF91 /* messagingView.swift in Sources */,
				E33A444F2963613200AE7C5E /* PageController.swift in Sources */,
				E39F093529677AF100B0AF91 /* friendListView.swift in Sources */,
				E39F093129676C6F00B0AF91 /* myFriendsListIcon.swift in Sources */,
				E39F093729677B2600B0AF91 /* myFriendItem.swift in Sources */,
				E39F092D2966E6E400B0AF91 /* myPostView.swift in Sources */,
				E39F09292966DCB800B0AF91 /* profileView.swift in Sources */,
				E39F092B2966E5BB00B0AF91 /* postModel.swift in Sources */,
				E30C87B029602854009A18E6 /* myPlainTextView.swift in Sources */,
				E30C87BA296057A7009A18E6 /* Effects.swift in Sources */,
				E396C657295C61BD007333CB /* Lets_TradeApp.swift in Sources */,
				E39F093B2967880300B0AF91 /* myMessageItem.swift in Sources */,
				E392758C2969E3FC00D82178 /* kalbimm.swift in Sources */,
				E33A445129636A1600AE7C5E /* myMiniIcon.swift in Sources */,
				E39F09332967711E00B0AF91 /* roomListView.swift in Sources */,
			);
			runOnlyForDeploymentPostprocessing = 0;
		};
/* End PBXSourcesBuildPhase section */

/* Begin XCBuildConfiguration section */
		E396C65F295C61BD007333CB /* Debug */ = {
			isa = XCBuildConfiguration;
			buildSettings = {
				ALWAYS_SEARCH_USER_PATHS = NO;
				CLANG_ANALYZER_NONNULL = YES;
				CLANG_ANALYZER_NUMBER_OBJECT_CONVERSION = YES_AGGRESSIVE;
				CLANG_CXX_LANGUAGE_STANDARD = "gnu++20";
				CLANG_ENABLE_MODULES = YES;
				CLANG_ENABLE_OBJC_ARC = YES;
				CLANG_ENABLE_OBJC_WEAK = YES;
				CLANG_WARN_BLOCK_CAPTURE_AUTORELEASING = YES;
				CLANG_WARN_BOOL_CONVERSION = YES;
				CLANG_WARN_COMMA = YES;
				CLANG_WARN_CONSTANT_CONVERSION = YES;
				CLANG_WARN_DEPRECATED_OBJC_IMPLEMENTATIONS = YES;
				CLANG_WARN_DIRECT_OBJC_ISA_USAGE = YES_ERROR;
				CLANG_WARN_DOCUMENTATION_COMMENTS = YES;
				CLANG_WARN_EMPTY_BODY = YES;
				CLANG_WARN_ENUM_CONVERSION = YES;
				CLANG_WARN_INFINITE_RECURSION = YES;
				CLANG_WARN_INT_CONVERSION = YES;
				CLANG_WARN_NON_LITERAL_NULL_CONVERSION = YES;
				CLANG_WARN_OBJC_IMPLICIT_RETAIN_SELF = YES;
				CLANG_WARN_OBJC_LITERAL_CONVERSION = YES;
				CLANG_WARN_OBJC_ROOT_CLASS = YES_ERROR;
				CLANG_WARN_QUOTED_INCLUDE_IN_FRAMEWORK_HEADER = YES;
				CLANG_WARN_RANGE_LOOP_ANALYSIS = YES;
				CLANG_WARN_STRICT_PROTOTYPES = YES;
				CLANG_WARN_SUSPICIOUS_MOVE = YES;
				CLANG_WARN_UNGUARDED_AVAILABILITY = YES_AGGRESSIVE;
				CLANG_WARN_UNREACHABLE_CODE = YES;
				CLANG_WARN__DUPLICATE_METHOD_MATCH = YES;
				COPY_PHASE_STRIP = NO;
				DEBUG_INFORMATION_FORMAT = dwarf;
				ENABLE_STRICT_OBJC_MSGSEND = YES;
				ENABLE_TESTABILITY = YES;
				GCC_C_LANGUAGE_STANDARD = gnu11;
				GCC_DYNAMIC_NO_PIC = NO;
				GCC_NO_COMMON_BLOCKS = YES;
				GCC_OPTIMIZATION_LEVEL = 0;
				GCC_PREPROCESSOR_DEFINITIONS = (
					"DEBUG=1",
					"$(inherited)",
				);
				GCC_WARN_64_TO_32_BIT_CONVERSION = YES;
				GCC_WARN_ABOUT_RETURN_TYPE = YES_ERROR;
				GCC_WARN_UNDECLARED_SELECTOR = YES;
				GCC_WARN_UNINITIALIZED_AUTOS = YES_AGGRESSIVE;
				GCC_WARN_UNUSED_FUNCTION = YES;
				GCC_WARN_UNUSED_VARIABLE = YES;
				IPHONEOS_DEPLOYMENT_TARGET = 16.1;
				MTL_ENABLE_DEBUG_INFO = INCLUDE_SOURCE;
				MTL_FAST_MATH = YES;
				ONLY_ACTIVE_ARCH = YES;
				SDKROOT = iphoneos;
				SWIFT_ACTIVE_COMPILATION_CONDITIONS = DEBUG;
				SWIFT_OPTIMIZATION_LEVEL = "-Onone";
			};
			name = Debug;
		};
		E396C660295C61BD007333CB /* Release */ = {
			isa = XCBuildConfiguration;
			buildSettings = {
				ALWAYS_SEARCH_USER_PATHS = NO;
				CLANG_ANALYZER_NONNULL = YES;
				CLANG_ANALYZER_NUMBER_OBJECT_CONVERSION = YES_AGGRESSIVE;
				CLANG_CXX_LANGUAGE_STANDARD = "gnu++20";
				CLANG_ENABLE_MODULES = YES;
				CLANG_ENABLE_OBJC_ARC = YES;
				CLANG_ENABLE_OBJC_WEAK = YES;
				CLANG_WARN_BLOCK_CAPTURE_AUTORELEASING = YES;
				CLANG_WARN_BOOL_CONVERSION = YES;
				CLANG_WARN_COMMA = YES;
				CLANG_WARN_CONSTANT_CONVERSION = YES;
				CLANG_WARN_DEPRECATED_OBJC_IMPLEMENTATIONS = YES;
				CLANG_WARN_DIRECT_OBJC_ISA_USAGE = YES_ERROR;
				CLANG_WARN_DOCUMENTATION_COMMENTS = YES;
				CLANG_WARN_EMPTY_BODY = YES;
				CLANG_WARN_ENUM_CONVERSION = YES;
				CLANG_WARN_INFINITE_RECURSION = YES;
				CLANG_WARN_INT_CONVERSION = YES;
				CLANG_WARN_NON_LITERAL_NULL_CONVERSION = YES;
				CLANG_WARN_OBJC_IMPLICIT_RETAIN_SELF = YES;
				CLANG_WARN_OBJC_LITERAL_CONVERSION = YES;
				CLANG_WARN_OBJC_ROOT_CLASS = YES_ERROR;
				CLANG_WARN_QUOTED_INCLUDE_IN_FRAMEWORK_HEADER = YES;
				CLANG_WARN_RANGE_LOOP_ANALYSIS = YES;
				CLANG_WARN_STRICT_PROTOTYPES = YES;
				CLANG_WARN_SUSPICIOUS_MOVE = YES;
				CLANG_WARN_UNGUARDED_AVAILABILITY = YES_AGGRESSIVE;
				CLANG_WARN_UNREACHABLE_CODE = YES;
				CLANG_WARN__DUPLICATE_METHOD_MATCH = YES;
				COPY_PHASE_STRIP = NO;
				DEBUG_INFORMATION_FORMAT = "dwarf-with-dsym";
				ENABLE_NS_ASSERTIONS = NO;
				ENABLE_STRICT_OBJC_MSGSEND = YES;
				GCC_C_LANGUAGE_STANDARD = gnu11;
				GCC_NO_COMMON_BLOCKS = YES;
				GCC_WARN_64_TO_32_BIT_CONVERSION = YES;
				GCC_WARN_ABOUT_RETURN_TYPE = YES_ERROR;
				GCC_WARN_UNDECLARED_SELECTOR = YES;
				GCC_WARN_UNINITIALIZED_AUTOS = YES_AGGRESSIVE;
				GCC_WARN_UNUSED_FUNCTION = YES;
				GCC_WARN_UNUSED_VARIABLE = YES;
				IPHONEOS_DEPLOYMENT_TARGET = 16.1;
				MTL_ENABLE_DEBUG_INFO = NO;
				MTL_FAST_MATH = YES;
				SDKROOT = iphoneos;
				SWIFT_COMPILATION_MODE = wholemodule;
				SWIFT_OPTIMIZATION_LEVEL = "-O";
				VALIDATE_PRODUCT = YES;
			};
			name = Release;
		};
		E396C662295C61BD007333CB /* Debug */ = {
			isa = XCBuildConfiguration;
			buildSettings = {
				ASSETCATALOG_COMPILER_APPICON_NAME = AppIcon;
				ASSETCATALOG_COMPILER_GLOBAL_ACCENT_COLOR_NAME = AccentColor;
				CODE_SIGN_STYLE = Automatic;
				CURRENT_PROJECT_VERSION = 1;
				DEVELOPMENT_ASSET_PATHS = "\"Lets Trade/Preview Content\"";
				DEVELOPMENT_TEAM = J7T5XZ3K56;
				ENABLE_PREVIEWS = YES;
				GENERATE_INFOPLIST_FILE = YES;
				INFOPLIST_KEY_UIApplicationSceneManifest_Generation = YES;
				INFOPLIST_KEY_UIApplicationSupportsIndirectInputEvents = YES;
				INFOPLIST_KEY_UILaunchScreen_Generation = YES;
				INFOPLIST_KEY_UISupportedInterfaceOrientations_iPad = "UIInterfaceOrientationPortrait UIInterfaceOrientationPortraitUpsideDown UIInterfaceOrientationLandscapeLeft UIInterfaceOrientationLandscapeRight";
				INFOPLIST_KEY_UISupportedInterfaceOrientations_iPhone = "UIInterfaceOrientationPortrait UIInterfaceOrientationLandscapeLeft UIInterfaceOrientationLandscapeRight";
				LD_RUNPATH_SEARCH_PATHS = (
					"$(inherited)",
					"@executable_path/Frameworks",
				);
				MARKETING_VERSION = 1.0;
				PRODUCT_BUNDLE_IDENTIFIER = "com.nkdesignstudio.Lets-Trade";
				PRODUCT_NAME = "$(TARGET_NAME)";
				SWIFT_EMIT_LOC_STRINGS = YES;
				SWIFT_VERSION = 5.0;
				TARGETED_DEVICE_FAMILY = "1,2";
			};
			name = Debug;
		};
		E396C663295C61BD007333CB /* Release */ = {
			isa = XCBuildConfiguration;
			buildSettings = {
				ASSETCATALOG_COMPILER_APPICON_NAME = AppIcon;
				ASSETCATALOG_COMPILER_GLOBAL_ACCENT_COLOR_NAME = AccentColor;
				CODE_SIGN_STYLE = Automatic;
				CURRENT_PROJECT_VERSION = 1;
				DEVELOPMENT_ASSET_PATHS = "\"Lets Trade/Preview Content\"";
				DEVELOPMENT_TEAM = J7T5XZ3K56;
				ENABLE_PREVIEWS = YES;
				GENERATE_INFOPLIST_FILE = YES;
				INFOPLIST_KEY_UIApplicationSceneManifest_Generation = YES;
				INFOPLIST_KEY_UIApplicationSupportsIndirectInputEvents = YES;
				INFOPLIST_KEY_UILaunchScreen_Generation = YES;
				INFOPLIST_KEY_UISupportedInterfaceOrientations_iPad = "UIInterfaceOrientationPortrait UIInterfaceOrientationPortraitUpsideDown UIInterfaceOrientationLandscapeLeft UIInterfaceOrientationLandscapeRight";
				INFOPLIST_KEY_UISupportedInterfaceOrientations_iPhone = "UIInterfaceOrientationPortrait UIInterfaceOrientationLandscapeLeft UIInterfaceOrientationLandscapeRight";
				LD_RUNPATH_SEARCH_PATHS = (
					"$(inherited)",
					"@executable_path/Frameworks",
				);
				MARKETING_VERSION = 1.0;
				PRODUCT_BUNDLE_IDENTIFIER = "com.nkdesignstudio.Lets-Trade";
				PRODUCT_NAME = "$(TARGET_NAME)";
				SWIFT_EMIT_LOC_STRINGS = YES;
				SWIFT_VERSION = 5.0;
				TARGETED_DEVICE_FAMILY = "1,2";
			};
			name = Release;
		};
/* End XCBuildConfiguration section */

/* Begin XCConfigurationList section */
		E396C64E295C61BD007333CB /* Build configuration list for PBXProject "Lets Trade" */ = {
			isa = XCConfigurationList;
			buildConfigurations = (
				E396C65F295C61BD007333CB /* Debug */,
				E396C660295C61BD007333CB /* Release */,
			);
			defaultConfigurationIsVisible = 0;
			defaultConfigurationName = Release;
		};
		E396C661295C61BD007333CB /* Build configuration list for PBXNativeTarget "Lets Trade" */ = {
			isa = XCConfigurationList;
			buildConfigurations = (
				E396C662295C61BD007333CB /* Debug */,
				E396C663295C61BD007333CB /* Release */,
			);
			defaultConfigurationIsVisible = 0;
			defaultConfigurationName = Release;
		};
/* End XCConfigurationList section */
	};
	rootObject = E396C64B295C61BD007333CB /* Project object */;
}
